
Microsoft Visual Studio Solution File, Format Version 12.00
# Visual Studio Version 16
VisualStudioVersion = 16.0.32106.194
MinimumVisualStudioVersion = 10.0.40219.1
Project("{FAE04EC0-301F-11D3-BF4B-00C04F79EFBC}") = "014. dupla", "014. dupla\014. dupla.csproj", "{8970320C-3A51-45CF-A190-6BF67BF5F21A}"
EndProject
Global
	GlobalSection(SolutionConfigurationPlatforms) = preSolution
		Debug|Any CPU = Debug|Any CPU
		Release|Any CPU = Release|Any CPU
	EndGlobalSection
	GlobalSection(ProjectConfigurationPlatforms) = postSolution
		{8970320C-3A51-45CF-A190-6BF67BF5F21A}.Debug|Any CPU.ActiveCfg = Debug|Any CPU
		{8970320C-3A51-45CF-A190-6BF67BF5F21A}.Debug|Any CPU.Build.0 = Debug|Any CPU
		{8970320C-3A51-45CF-A190-6BF67BF5F21A}.Release|Any CPU.ActiveCfg = Release|Any CPU
		{8970320C-3A51-45CF-A190-6BF67BF5F21A}.Release|Any CPU.Build.0 = Release|Any CPU
	EndGlobalSection
	GlobalSection(SolutionProperties) = preSolution
		HideSolutionNode = FALSE
	EndGlobalSection
	GlobalSection(ExtensibilityGlobals) = postSolution
		SolutionGuid = {8AB4F4F5-BEDD-4544-AB5F-27803597F6E4}
	EndGlobalSection
EndGlobal
